
Microsoft Visual Studio Solution File, Format Version 12.00
# Visual Studio Version 16
VisualStudioVersion = 16.0.32228.343
MinimumVisualStudioVersion = 10.0.40219.1
Project("{FAE04EC0-301F-11D3-BF4B-00C04F79EFBC}") = "TokenBasedAPI", "TokenBasedAPI\TokenBasedAPI.csproj", "{78CCC438-A9B9-460B-A830-FF48013AA5D4}"
EndProject
Global
	GlobalSection(SolutionConfigurationPlatforms) = preSolution
		Debug|Any CPU = Debug|Any CPU
		Release|Any CPU = Release|Any CPU
	EndGlobalSection
	GlobalSection(ProjectConfigurationPlatforms) = postSolution
		{78CCC438-A9B9-460B-A830-FF48013AA5D4}.Debug|Any CPU.ActiveCfg = Debug|Any CPU
		{78CCC438-A9B9-460B-A830-FF48013AA5D4}.Debug|Any CPU.Build.0 = Debug|Any CPU
		{78CCC438-A9B9-460B-A830-FF48013AA5D4}.Release|Any CPU.ActiveCfg = Release|Any CPU
		{78CCC438-A9B9-460B-A830-FF48013AA5D4}.Release|Any CPU.Build.0 = Release|Any CPU
	EndGlobalSection
	GlobalSection(SolutionProperties) = preSolution
		HideSolutionNode = FALSE
	EndGlobalSection
	GlobalSection(ExtensibilityGlobals) = postSolution
		SolutionGuid = {10F44A2F-5FBB-4F5D-AC36-43A8755F2553}
	EndGlobalSection
EndGlobal
